
Microsoft Visual Studio Solution File, Format Version 12.00
# Visual Studio 14
VisualStudioVersion = 14.0.25420.1
MinimumVisualStudioVersion = 10.0.40219.1
Project("{FAE04EC0-301F-11D3-BF4B-00C04F79EFBC}") = "Anyline Windows UWP Examples", "Anyline Windows UWP Examples[OLD]\Anyline Windows UWP Examples.csproj", "{E64CDFED-CBE6-42D7-9755-D739EFF1E2BB}"
EndProject
Global
	GlobalSection(SolutionConfigurationPlatforms) = preSolution
		Debug|x86 = Debug|x86
		Release|x86 = Release|x86
	EndGlobalSection
	GlobalSection(ProjectConfigurationPlatforms) = postSolution
		{E64CDFED-CBE6-42D7-9755-D739EFF1E2BB}.Debug|x86.ActiveCfg = Debug|x86
		{E64CDFED-CBE6-42D7-9755-D739EFF1E2BB}.Debug|x86.Build.0 = Debug|x86
		{E64CDFED-CBE6-42D7-9755-D739EFF1E2BB}.Debug|x86.Deploy.0 = Debug|x86
		{E64CDFED-CBE6-42D7-9755-D739EFF1E2BB}.Release|x86.ActiveCfg = Release|x86
		{E64CDFED-CBE6-42D7-9755-D739EFF1E2BB}.Release|x86.Build.0 = Release|x86
		{E64CDFED-CBE6-42D7-9755-D739EFF1E2BB}.Release|x86.Deploy.0 = Release|x86
	EndGlobalSection
	GlobalSection(SolutionProperties) = preSolution
		HideSolutionNode = FALSE
	EndGlobalSection
EndGlobal
